
Microsoft Visual Studio Solution File, Format Version 12.00
# Visual Studio Version 17
VisualStudioVersion = 17.1.32210.238
MinimumVisualStudioVersion = 10.0.40219.1
Project("{FAE04EC0-301F-11D3-BF4B-00C04F79EFBC}") = "Calculadora001", "Calculadora001\Calculadora001.csproj", "{7311BC75-E5DA-4437-A48A-F7B3DCF557A4}"
EndProject
Global
	GlobalSection(SolutionConfigurationPlatforms) = preSolution
		Debug|Any CPU = Debug|Any CPU
		Release|Any CPU = Release|Any CPU
	EndGlobalSection
	GlobalSection(ProjectConfigurationPlatforms) = postSolution
		{7311BC75-E5DA-4437-A48A-F7B3DCF557A4}.Debug|Any CPU.ActiveCfg = Debug|Any CPU
		{7311BC75-E5DA-4437-A48A-F7B3DCF557A4}.Debug|Any CPU.Build.0 = Debug|Any CPU
		{7311BC75-E5DA-4437-A48A-F7B3DCF557A4}.Release|Any CPU.ActiveCfg = Release|Any CPU
		{7311BC75-E5DA-4437-A48A-F7B3DCF557A4}.Release|Any CPU.Build.0 = Release|Any CPU
	EndGlobalSection
	GlobalSection(SolutionProperties) = preSolution
		HideSolutionNode = FALSE
	EndGlobalSection
	GlobalSection(ExtensibilityGlobals) = postSolution
		SolutionGuid = {BA42D855-8670-4BF7-B06F-4265142E6224}
	EndGlobalSection
EndGlobal
